
Microsoft Visual Studio Solution File, Format Version 12.00
# Visual Studio Version 17
VisualStudioVersion = 17.10.35027.167
MinimumVisualStudioVersion = 10.0.40219.1
Project("{FAE04EC0-301F-11D3-BF4B-00C04F79EFBC}") = "MeterApp", "MeterApp.csproj", "{53DC56E5-DCFC-4D48-BD48-E00B09F37734}"
EndProject
Global
	GlobalSection(SolutionConfigurationPlatforms) = preSolution
		Debug|Any CPU = Debug|Any CPU
		Release|Any CPU = Release|Any CPU
	EndGlobalSection
	GlobalSection(ProjectConfigurationPlatforms) = postSolution
		{53DC56E5-DCFC-4D48-BD48-E00B09F37734}.Debug|Any CPU.ActiveCfg = Debug|Any CPU
		{53DC56E5-DCFC-4D48-BD48-E00B09F37734}.Debug|Any CPU.Build.0 = Debug|Any CPU
		{53DC56E5-DCFC-4D48-BD48-E00B09F37734}.Release|Any CPU.ActiveCfg = Release|Any CPU
		{53DC56E5-DCFC-4D48-BD48-E00B09F37734}.Release|Any CPU.Build.0 = Release|Any CPU
	EndGlobalSection
	GlobalSection(SolutionProperties) = preSolution
		HideSolutionNode = FALSE
	EndGlobalSection
	GlobalSection(ExtensibilityGlobals) = postSolution
		SolutionGuid = {AECB9EE5-F3AD-4F4D-93BE-73C11AECC8DE}
	EndGlobalSection
EndGlobal
